
Microsoft Visual Studio Solution File, Format Version 12.00
# Visual Studio 15
VisualStudioVersion = 15.0.28010.2003
MinimumVisualStudioVersion = 10.0.40219.1
Project("{FAE04EC0-301F-11D3-BF4B-00C04F79EFBC}") = "TodoApi", "TodoApi\TodoApi.csproj", "{28D04DEA-19F9-4783-B0E1-B3CE4D2A4807}"
EndProject
Global
	GlobalSection(SolutionConfigurationPlatforms) = preSolution
		Debug|Any CPU = Debug|Any CPU
		Release|Any CPU = Release|Any CPU
	EndGlobalSection
	GlobalSection(ProjectConfigurationPlatforms) = postSolution
		{28D04DEA-19F9-4783-B0E1-B3CE4D2A4807}.Debug|Any CPU.ActiveCfg = Debug|Any CPU
		{28D04DEA-19F9-4783-B0E1-B3CE4D2A4807}.Debug|Any CPU.Build.0 = Debug|Any CPU
		{28D04DEA-19F9-4783-B0E1-B3CE4D2A4807}.Release|Any CPU.ActiveCfg = Release|Any CPU
		{28D04DEA-19F9-4783-B0E1-B3CE4D2A4807}.Release|Any CPU.Build.0 = Release|Any CPU
	EndGlobalSection
	GlobalSection(SolutionProperties) = preSolution
		HideSolutionNode = FALSE
	EndGlobalSection
	GlobalSection(ExtensibilityGlobals) = postSolution
		SolutionGuid = {D5E9319C-91E6-4F21-9078-45AC17C0AB12}
	EndGlobalSection
EndGlobal
